
Microsoft Visual Studio Solution File, Format Version 12.00
# Visual Studio Version 17
VisualStudioVersion = 17.3.32825.248
MinimumVisualStudioVersion = 10.0.40219.1
Project("{FAE04EC0-301F-11D3-BF4B-00C04F79EFBC}") = "Week4Loops", "Week4Loops\Week4Loops.csproj", "{65AFACFE-81A9-4ED6-8BD9-273697850689}"
EndProject
Project("{FAE04EC0-301F-11D3-BF4B-00C04F79EFBC}") = "ForLoopSum", "ForLoopSum\ForLoopSum.csproj", "{D5EC0F9C-24CA-43EE-AC1A-E849574AFC46}"
EndProject
Project("{FAE04EC0-301F-11D3-BF4B-00C04F79EFBC}") = "RandomNumber", "RandomNumber\RandomNumber.csproj", "{1DBAE04F-D75A-404D-B1A8-5C524A2B7E12}"
EndProject
Project("{FAE04EC0-301F-11D3-BF4B-00C04F79EFBC}") = "WhileLoops", "WhileLoops\WhileLoops.csproj", "{2D0171DF-A902-44F8-82E7-77E3A75BE22A}"
EndProject
Global
	GlobalSection(SolutionConfigurationPlatforms) = preSolution
		Debug|Any CPU = Debug|Any CPU
		Release|Any CPU = Release|Any CPU
	EndGlobalSection
	GlobalSection(ProjectConfigurationPlatforms) = postSolution
		{65AFACFE-81A9-4ED6-8BD9-273697850689}.Debug|Any CPU.ActiveCfg = Debug|Any CPU
		{65AFACFE-81A9-4ED6-8BD9-273697850689}.Debug|Any CPU.Build.0 = Debug|Any CPU
		{65AFACFE-81A9-4ED6-8BD9-273697850689}.Release|Any CPU.ActiveCfg = Release|Any CPU
		{65AFACFE-81A9-4ED6-8BD9-273697850689}.Release|Any CPU.Build.0 = Release|Any CPU
		{D5EC0F9C-24CA-43EE-AC1A-E849574AFC46}.Debug|Any CPU.ActiveCfg = Debug|Any CPU
		{D5EC0F9C-24CA-43EE-AC1A-E849574AFC46}.Debug|Any CPU.Build.0 = Debug|Any CPU
		{D5EC0F9C-24CA-43EE-AC1A-E849574AFC46}.Release|Any CPU.ActiveCfg = Release|Any CPU
		{D5EC0F9C-24CA-43EE-AC1A-E849574AFC46}.Release|Any CPU.Build.0 = Release|Any CPU
		{1DBAE04F-D75A-404D-B1A8-5C524A2B7E12}.Debug|Any CPU.ActiveCfg = Debug|Any CPU
		{1DBAE04F-D75A-404D-B1A8-5C524A2B7E12}.Debug|Any CPU.Build.0 = Debug|Any CPU
		{1DBAE04F-D75A-404D-B1A8-5C524A2B7E12}.Release|Any CPU.ActiveCfg = Release|Any CPU
		{1DBAE04F-D75A-404D-B1A8-5C524A2B7E12}.Release|Any CPU.Build.0 = Release|Any CPU
		{2D0171DF-A902-44F8-82E7-77E3A75BE22A}.Debug|Any CPU.ActiveCfg = Debug|Any CPU
		{2D0171DF-A902-44F8-82E7-77E3A75BE22A}.Debug|Any CPU.Build.0 = Debug|Any CPU
		{2D0171DF-A902-44F8-82E7-77E3A75BE22A}.Release|Any CPU.ActiveCfg = Release|Any CPU
		{2D0171DF-A902-44F8-82E7-77E3A75BE22A}.Release|Any CPU.Build.0 = Release|Any CPU
	EndGlobalSection
	GlobalSection(SolutionProperties) = preSolution
		HideSolutionNode = FALSE
	EndGlobalSection
	GlobalSection(ExtensibilityGlobals) = postSolution
		SolutionGuid = {A23E7241-1675-4E43-88BA-B7C3C343C447}
	EndGlobalSection
EndGlobal
